// !$*UTF8*$!
{
	archiveVersion = 1;
	classes = {
	};
	objectVersion = 50;
	objects = {

/* Begin PBXBuildFile section */
		BCCFC7BE24C8BD570034F637 /* AppDelegate.swift in Sources */ = {isa = PBXBuildFile; fileRef = BCCFC7BD24C8BD570034F637 /* AppDelegate.swift */; };
		BCCFC7C024C8BD570034F637 /* SceneDelegate.swift in Sources */ = {isa = PBXBuildFile; fileRef = BCCFC7BF24C8BD570034F637 /* SceneDelegate.swift */; };
		BCCFC7C224C8BD570034F637 /* ViewController.swift in Sources */ = {isa = PBXBuildFile; fileRef = BCCFC7C124C8BD570034F637 /* ViewController.swift */; };
		BCCFC7C524C8BD570034F637 /* Main.storyboard in Resources */ = {isa = PBXBuildFile; fileRef = BCCFC7C324C8BD570034F637 /* Main.storyboard */; };
		BCCFC7C824C8BD570034F637 /* Xcode_Demo.xcdatamodeld in Sources */ = {isa = PBXBuildFile; fileRef = BCCFC7C624C8BD570034F637 /* Xcode_Demo.xcdatamodeld */; };
		BCCFC7CA24C8BD690034F637 /* Assets.xcassets in Resources */ = {isa = PBXBuildFile; fileRef = BCCFC7C924C8BD690034F637 /* Assets.xcassets */; };
		BCCFC7CD24C8BD690034F637 /* LaunchScreen.storyboard in Resources */ = {isa = PBXBuildFile; fileRef = BCCFC7CB24C8BD690034F637 /* LaunchScreen.storyboard */; };
/* End PBXBuildFile section */

/* Begin PBXFileReference section */
		BCCFC7BA24C8BD570034F637 /* Xcode_Demo.app */ = {isa = PBXFileReference; explicitFileType = wrapper.application; includeInIndex = 0; path = Xcode_Demo.app; sourceTree = BUILT_PRODUCTS_DIR; };
		BCCFC7BD24C8BD570034F637 /* AppDelegate.swift */ = {isa = PBXFileReference; lastKnownFileType = sourcecode.swift; path = AppDelegate.swift; sourceTree = "<group>"; };
		BCCFC7BF24C8BD570034F637 /* SceneDelegate.swift */ = {isa = PBXFileReference; lastKnownFileType = sourcecode.swift; path = SceneDelegate.swift; sourceTree = "<group>"; };
		BCCFC7C124C8BD570034F637 /* ViewController.swift */ = {isa = PBXFileReference; lastKnownFileType = sourcecode.swift; path = ViewController.swift; sourceTree = "<group>"; };
		BCCFC7C424C8BD570034F637 /* Base */ = {isa = PBXFileReference; lastKnownFileType = file.storyboard; name = Base; path = Base.lproj/Main.storyboard; sourceTree = "<group>"; };
		BCCFC7C724C8BD570034F637 /* Xcode_Demo.xcdatamodel */ = {isa = PBXFileReference; lastKnownFileType = wrapper.xcdatamodel; path = Xcode_Demo.xcdatamodel; sourceTree = "<group>"; };
		BCCFC7C924C8BD690034F637 /* Assets.xcassets */ = {isa = PBXFileReference; lastKnownFileType = folder.assetcatalog; path = Assets.xcassets; sourceTree = "<group>"; };
		BCCFC7CC24C8BD690034F637 /* Base */ = {isa = PBXFileReference; lastKnownFileType = file.storyboard; name = Base; path = Base.lproj/LaunchScreen.storyboard; sourceTree = "<group>"; };
		BCCFC7CE24C8BD690034F637 /* Info.plist */ = {isa = PBXFileReference; lastKnownFileType = text.plist.xml; path = Info.plist; sourceTree = "<group>"; };
/* End PBXFileReference section */

/* Begin PBXFrameworksBuildPhase section */
		BCCFC7B724C8BD560034F637 /* Frameworks */ = {
			isa = PBXFrameworksBuildPhase;
			buildActionMask = 2147483647;
			files = (
			);
			runOnlyForDeploymentPostprocessing = 0;
		};
/* End PBXFrameworksBuildPhase section */

/* Begin PBXGroup section */
		BCCFC7B124C8BD560034F637 = {
			isa = PBXGroup;
			children = (
				BCCFC7BC24C8BD570034F637 /* Xcode_Demo */,
				BCCFC7BB24C8BD570034F637 /* Products */,
			);
			sourceTree = "<group>";
		};
		BCCFC7BB24C8BD570034F637 /* Products */ = {
			isa = PBXGroup;
			children = (
				BCCFC7BA24C8BD570034F637 /* Xcode_Demo.app */,
			);
			name = Products;
			sourceTree = "<group>";
		};
		BCCFC7BC24C8BD570034F637 /* Xcode_Demo */ = {
			isa = PBXGroup;
			children = (
				BCCFC7BD24C8BD570034F637 /* AppDelegate.swift */,
				BCCFC7BF24C8BD570034F637 /* SceneDelegate.swift */,
				BCCFC7C124C8BD570034F637 /* ViewController.swift */,
				BCCFC7C324C8BD570034F637 /* Main.storyboard */,
				BCCFC7C924C8BD690034F637 /* Assets.xcassets */,
				BCCFC7CB24C8BD690034F637 /* LaunchScreen.storyboard */,
				BCCFC7CE24C8BD690034F637 /* Info.plist */,
				BCCFC7C624C8BD570034F637 /* Xcode_Demo.xcdatamodeld */,
			);
			path = Xcode_Demo;
			sourceTree = "<group>";
		};
/* End PBXGroup section */

/* Begin PBXNativeTarget section */
		BCCFC7B924C8BD560034F637 /* Xcode_Demo */ = {
			isa = PBXNativeTarget;
			buildConfigurationList = BCCFC7D124C8BD690034F637 /* Build configuration list for PBXNativeTarget "Xcode_Demo" */;
			buildPhases = (
				BCCFC7B624C8BD560034F637 /* Sources */,
				BCCFC7B724C8BD560034F637 /* Frameworks */,
				BCCFC7B824C8BD560034F637 /* Resources */,
			);
			buildRules = (
			);
			dependencies = (
			);
			name = Xcode_Demo;
			productName = Xcode_Demo;
			productReference = BCCFC7BA24C8BD570034F637 /* Xcode_Demo.app */;
			productType = "com.apple.product-type.application";
		};
/* End PBXNativeTarget section */

/* Begin PBXProject section */
		BCCFC7B224C8BD560034F637 /* Project object */ = {
			isa = PBXProject;
			attributes = {
				LastSwiftUpdateCheck = 1160;
				LastUpgradeCheck = 1160;
				ORGANIZATIONNAME = "Christina Lee";
				TargetAttributes = {
					BCCFC7B924C8BD560034F637 = {
						CreatedOnToolsVersion = 11.6;
					};
				};
			};
			buildConfigurationList = BCCFC7B524C8BD560034F637 /* Build configuration list for PBXProject "Xcode_Demo" */;
			compatibilityVersion = "Xcode 9.3";
			developmentRegion = en;
			hasScannedForEncodings = 0;
			knownRegions = (
				en,
				Base,
			);
			mainGroup = BCCFC7B124C8BD560034F637;
			productRefGroup = BCCFC7BB24C8BD570034F637 /* Products */;
			projectDirPath = "";
			projectRoot = "";
			targets = (
				BCCFC7B924C8BD560034F637 /* Xcode_Demo */,
			);
		};
/* End PBXProject section */

/* Begin PBXResourcesBuildPhase section */
		BCCFC7B824C8BD560034F637 /* Resources */ = {
			isa = PBXResourcesBuildPhase;
			buildActionMask = 2147483647;
			files = (
				BCCFC7CD24C8BD690034F637 /* LaunchScreen.storyboard in Resources */,
				BCCFC7CA24C8BD690034F637 /* Assets.xcassets in Resources */,
				BCCFC7C524C8BD570034F637 /* Main.storyboard in Resources */,
			);
			runOnlyForDeploymentPostprocessing = 0;
		};
/* End PBXResourcesBuildPhase section */

/* Begin PBXSourcesBuildPhase section */
		BCCFC7B624C8BD560034F637 /* Sources */ = {
			isa = PBXSourcesBuildPhase;
			buildActionMask = 2147483647;
			files = (
				BCCFC7C224C8BD570034F637 /* ViewController.swift in Sources */,
				BCCFC7BE24C8BD570034F637 /* AppDelegate.swift in Sources */,
				BCCFC7C824C8BD570034F637 /* Xcode_Demo.xcdatamodeld in Sources */,
				BCCFC7C024C8BD570034F637 /* SceneDelegate.swift in Sources */,
			);
			runOnlyForDeploymentPostprocessing = 0;
		};
/* End PBXSourcesBuildPhase section */

/* Begin PBXVariantGroup section */
		BCCFC7C324C8BD570034F637 /* Main.storyboard */ = {
			isa = PBXVariantGroup;
			children = (
				BCCFC7C424C8BD570034F637 /* Base */,
			);
			name = Main.storyboard;
			sourceTree = "<group>";
		};
		BCCFC7CB24C8BD690034F637 /* LaunchScreen.storyboard */ = {
			isa = PBXVariantGroup;
			children = (
				BCCFC7CC24C8BD690034F637 /* Base */,
			);
			name = LaunchScreen.storyboard;
			sourceTree = "<group>";
		};
/* End PBXVariantGroup section */

/* Begin XCBuildConfiguration section */
		BCCFC7CF24C8BD690034F637 /* Debug */ = {
			isa = XCBuildConfiguration;
			buildSettings = {
				ALWAYS_SEARCH_USER_PATHS = NO;
				CLANG_ANALYZER_NONNULL = YES;
				CLANG_ANALYZER_NUMBER_OBJECT_CONVERSION = YES_AGGRESSIVE;
				CLANG_CXX_LANGUAGE_STANDARD = "gnu++14";
				CLANG_CXX_LIBRARY = "libc++";
				CLANG_ENABLE_MODULES = YES;
				CLANG_ENABLE_OBJC_ARC = YES;
				CLANG_ENABLE_OBJC_WEAK = YES;
				CLANG_WARN_BLOCK_CAPTURE_AUTORELEASING = YES;
				CLANG_WARN_BOOL_CONVERSION = YES;
				CLANG_WARN_COMMA = YES;
				CLANG_WARN_CONSTANT_CONVERSION = YES;
				CLANG_WARN_DEPRECATED_OBJC_IMPLEMENTATIONS = YES;
				CLANG_WARN_DIRECT_OBJC_ISA_USAGE = YES_ERROR;
				CLANG_WARN_DOCUMENTATION_COMMENTS = YES;
				CLANG_WARN_EMPTY_BODY = YES;
				CLANG_WARN_ENUM_CONVERSION = YES;
				CLANG_WARN_INFINITE_RECURSION = YES;
				CLANG_WARN_INT_CONVERSION = YES;
				CLANG_WARN_NON_LITERAL_NULL_CONVERSION = YES;
				CLANG_WARN_OBJC_IMPLICIT_RETAIN_SELF = YES;
				CLANG_WARN_OBJC_LITERAL_CONVERSION = YES;
				CLANG_WARN_OBJC_ROOT_CLASS = YES_ERROR;
				CLANG_WARN_RANGE_LOOP_ANALYSIS = YES;
				CLANG_WARN_STRICT_PROTOTYPES = YES;
				CLANG_WARN_SUSPICIOUS_MOVE = YES;
				CLANG_WARN_UNGUARDED_AVAILABILITY = YES_AGGRESSIVE;
				CLANG_WARN_UNREACHABLE_CODE = YES;
				CLANG_WARN__DUPLICATE_METHOD_MATCH = YES;
				COPY_PHASE_STRIP = NO;
				DEBUG_INFORMATION_FORMAT = dwarf;
				ENABLE_STRICT_OBJC_MSGSEND = YES;
				ENABLE_TESTABILITY = YES;
				GCC_C_LANGUAGE_STANDARD = gnu11;
				GCC_DYNAMIC_NO_PIC = NO;
				GCC_NO_COMMON_BLOCKS = YES;
				GCC_OPTIMIZATION_LEVEL = 0;
				GCC_PREPROCESSOR_DEFINITIONS = (
					"DEBUG=1",
					"$(inherited)",
				);
				GCC_WARN_64_TO_32_BIT_CONVERSION = YES;
				GCC_WARN_ABOUT_RETURN_TYPE = YES_ERROR;
				GCC_WARN_UNDECLARED_SELECTOR = YES;
				GCC_WARN_UNINITIALIZED_AUTOS = YES_AGGRESSIVE;
				GCC_WARN_UNUSED_FUNCTION = YES;
				GCC_WARN_UNUSED_VARIABLE = YES;
				IPHONEOS_DEPLOYMENT_TARGET = 13.6;
				MTL_ENABLE_DEBUG_INFO = INCLUDE_SOURCE;
				MTL_FAST_MATH = YES;
				ONLY_ACTIVE_ARCH = YES;
				SDKROOT = iphoneos;
				SWIFT_ACTIVE_COMPILATION_CONDITIONS = DEBUG;
				SWIFT_OPTIMIZATION_LEVEL = "-Onone";
			};
			name = Debug;
		};
		BCCFC7D024C8BD690034F637 /* Release */ = {
			isa = XCBuildConfiguration;
			buildSettings = {
				ALWAYS_SEARCH_USER_PATHS = NO;
				CLANG_ANALYZER_NONNULL = YES;
				CLANG_ANALYZER_NUMBER_OBJECT_CONVERSION = YES_AGGRESSIVE;
				CLANG_CXX_LANGUAGE_STANDARD = "gnu++14";
				CLANG_CXX_LIBRARY = "libc++";
				CLANG_ENABLE_MODULES = YES;
				CLANG_ENABLE_OBJC_ARC = YES;
				CLANG_ENABLE_OBJC_WEAK = YES;
				CLANG_WARN_BLOCK_CAPTURE_AUTORELEASING = YES;
				CLANG_WARN_BOOL_CONVERSION = YES;
				CLANG_WARN_COMMA = YES;
				CLANG_WARN_CONSTANT_CONVERSION = YES;
				CLANG_WARN_DEPRECATED_OBJC_IMPLEMENTATIONS = YES;
				CLANG_WARN_DIRECT_OBJC_ISA_USAGE = YES_ERROR;
				CLANG_WARN_DOCUMENTATION_COMMENTS = YES;
				CLANG_WARN_EMPTY_BODY = YES;
				CLANG_WARN_ENUM_CONVERSION = YES;
				CLANG_WARN_INFINITE_RECURSION = YES;
				CLANG_WARN_INT_CONVERSION = YES;
				CLANG_WARN_NON_LITERAL_NULL_CONVERSION = YES;
				CLANG_WARN_OBJC_IMPLICIT_RETAIN_SELF = YES;
				CLANG_WARN_OBJC_LITERAL_CONVERSION = YES;
				CLANG_WARN_OBJC_ROOT_CLASS = YES_ERROR;
				CLANG_WARN_RANGE_LOOP_ANALYSIS = YES;
				CLANG_WARN_STRICT_PROTOTYPES = YES;
				CLANG_WARN_SUSPICIOUS_MOVE = YES;
				CLANG_WARN_UNGUARDED_AVAILABILITY = YES_AGGRESSIVE;
				CLANG_WARN_UNREACHABLE_CODE = YES;
				CLANG_WARN__DUPLICATE_METHOD_MATCH = YES;
				COPY_PHASE_STRIP = NO;
				DEBUG_INFORMATION_FORMAT = "dwarf-with-dsym";
				ENABLE_NS_ASSERTIONS = NO;
				ENABLE_STRICT_OBJC_MSGSEND = YES;
				GCC_C_LANGUAGE_STANDARD = gnu11;
				GCC_NO_COMMON_BLOCKS = YES;
				GCC_WARN_64_TO_32_BIT_CONVERSION = YES;
				GCC_WARN_ABOUT_RETURN_TYPE = YES_ERROR;
				GCC_WARN_UNDECLARED_SELECTOR = YES;
				GCC_WARN_UNINITIALIZED_AUTOS = YES_AGGRESSIVE;
				GCC_WARN_UNUSED_FUNCTION = YES;
				GCC_WARN_UNUSED_VARIABLE = YES;
				IPHONEOS_DEPLOYMENT_TARGET = 13.6;
				MTL_ENABLE_DEBUG_INFO = NO;
				MTL_FAST_MATH = YES;
				SDKROOT = iphoneos;
				SWIFT_COMPILATION_MODE = wholemodule;
				SWIFT_OPTIMIZATION_LEVEL = "-O";
				VALIDATE_PRODUCT = YES;
			};
			name = Release;
		};
		BCCFC7D224C8BD690034F637 /* Debug */ = {
			isa = XCBuildConfiguration;
			buildSettings = {
				ASSETCATALOG_COMPILER_APPICON_NAME = AppIcon;
				CODE_SIGN_STYLE = Automatic;
				INFOPLIST_FILE = Xcode_Demo/Info.plist;
				LD_RUNPATH_SEARCH_PATHS = (
					"$(inherited)",
					"@executable_path/Frameworks",
				);
				PRODUCT_BUNDLE_IDENTIFIER = "KWK.Xcode-Demo";
				PRODUCT_NAME = "$(TARGET_NAME)";
				SWIFT_VERSION = 5.0;
				TARGETED_DEVICE_FAMILY = "1,2";
			};
			name = Debug;
		};
		BCCFC7D324C8BD690034F637 /* Release */ = {
			isa = XCBuildConfiguration;
			buildSettings = {
				ASSETCATALOG_COMPILER_APPICON_NAME = AppIcon;
				CODE_SIGN_STYLE = Automatic;
				INFOPLIST_FILE = Xcode_Demo/Info.plist;
				LD_RUNPATH_SEARCH_PATHS = (
					"$(inherited)",
					"@executable_path/Frameworks",
				);
				PRODUCT_BUNDLE_IDENTIFIER = "KWK.Xcode-Demo";
				PRODUCT_NAME = "$(TARGET_NAME)";
				SWIFT_VERSION = 5.0;
				TARGETED_DEVICE_FAMILY = "1,2";
			};
			name = Release;
		};
/* End XCBuildConfiguration section */

/* Begin XCConfigurationList section */
		BCCFC7B524C8BD560034F637 /* Build configuration list for PBXProject "Xcode_Demo" */ = {
			isa = XCConfigurationList;
			buildConfigurations = (
				BCCFC7CF24C8BD690034F637 /* Debug */,
				BCCFC7D024C8BD690034F637 /* Release */,
			);
			defaultConfigurationIsVisible = 0;
			defaultConfigurationName = Release;
		};
		BCCFC7D124C8BD690034F637 /* Build configuration list for PBXNativeTarget "Xcode_Demo" */ = {
			isa = XCConfigurationList;
			buildConfigurations = (
				BCCFC7D224C8BD690034F637 /* Debug */,
				BCCFC7D324C8BD690034F637 /* Release */,
			);
			defaultConfigurationIsVisible = 0;
			defaultConfigurationName = Release;
		};
/* End XCConfigurationList section */

/* Begin XCVersionGroup section */
		BCCFC7C624C8BD570034F637 /* Xcode_Demo.xcdatamodeld */ = {
			isa = XCVersionGroup;
			children = (
				BCCFC7C724C8BD570034F637 /* Xcode_Demo.xcdatamodel */,
			);
			currentVersion = BCCFC7C724C8BD570034F637 /* Xcode_Demo.xcdatamodel */;
			path = Xcode_Demo.xcdatamodeld;
			sourceTree = "<group>";
			versionGroupType = wrapper.xcdatamodel;
		};
/* End XCVersionGroup section */
	};
	rootObject = BCCFC7B224C8BD560034F637 /* Project object */;
}
